Microsoft Visual Studio Solution File, Format Version 12.00
# Visual Studio Version 17
VisualStudioVersion = 17.5.2.0
MinimumVisualStudioVersion = 10.0.40219.1
Project("{FAE04EC0-301F-11D3-BF4B-00C04F79EFBC}") = "WA_ControlPresupuesto", "WA_ControlPresupuesto.csproj", "{222DE1FF-1C8C-735D-60DE-EF3FE1E4B205}"
EndProject
Global
	GlobalSection(SolutionConfigurationPlatforms) = preSolution
		Debug|Any CPU = Debug|Any CPU
		Release|Any CPU = Release|Any CPU
	EndGlobalSection
	GlobalSection(ProjectConfigurationPlatforms) = postSolution
		{222DE1FF-1C8C-735D-60DE-EF3FE1E4B205}.Debug|Any CPU.ActiveCfg = Debug|Any CPU
		{222DE1FF-1C8C-735D-60DE-EF3FE1E4B205}.Debug|Any CPU.Build.0 = Debug|Any CPU
		{222DE1FF-1C8C-735D-60DE-EF3FE1E4B205}.Release|Any CPU.ActiveCfg = Release|Any CPU
		{222DE1FF-1C8C-735D-60DE-EF3FE1E4B205}.Release|Any CPU.Build.0 = Release|Any CPU
	EndGlobalSection
	GlobalSection(SolutionProperties) = preSolution
		HideSolutionNode = FALSE
	EndGlobalSection
	GlobalSection(ExtensibilityGlobals) = postSolution
		SolutionGuid = {50FE604E-8F1E-420D-B9FD-3C88394EC637}
	EndGlobalSection
EndGlobal
